// !$*UTF8*$!
{
	archiveVersion = 1;
	classes = {
	};
	objectVersion = 50;
	objects = {

/* Begin PBXBuildFile section */
		8475D03D25F11B77006DD192 /* AppDelegate.swift in Sources */ = {isa = PBXBuildFile; fileRef = 8475D03C25F11B77006DD192 /* AppDelegate.swift */; };
		8475D03F25F11B77006DD192 /* SceneDelegate.swift in Sources */ = {isa = PBXBuildFile; fileRef = 8475D03E25F11B77006DD192 /* SceneDelegate.swift */; };
		8475D04125F11B77006DD192 /* ContentView.swift in Sources */ = {isa = PBXBuildFile; fileRef = 8475D04025F11B77006DD192 /* ContentView.swift */; };
		8475D04325F11B79006DD192 /* Assets.xcassets in Resources */ = {isa = PBXBuildFile; fileRef = 8475D04225F11B79006DD192 /* Assets.xcassets */; };
		8475D04625F11B79006DD192 /* Preview Assets.xcassets in Resources */ = {isa = PBXBuildFile; fileRef = 8475D04525F11B79006DD192 /* Preview Assets.xcassets */; };
		8475D04925F11B79006DD192 /* LaunchScreen.storyboard in Resources */ = {isa = PBXBuildFile; fileRef = 8475D04725F11B79006DD192 /* LaunchScreen.storyboard */; };
/* End PBXBuildFile section */

/* Begin PBXFileReference section */
		8475D03925F11B77006DD192 /* Fashion News Today.app */ = {isa = PBXFileReference; explicitFileType = wrapper.application; includeInIndex = 0; path = "Fashion News Today.app"; sourceTree = BUILT_PRODUCTS_DIR; };
		8475D03C25F11B77006DD192 /* AppDelegate.swift */ = {isa = PBXFileReference; lastKnownFileType = sourcecode.swift; path = AppDelegate.swift; sourceTree = "<group>"; };
		8475D03E25F11B77006DD192 /* SceneDelegate.swift */ = {isa = PBXFileReference; lastKnownFileType = sourcecode.swift; path = SceneDelegate.swift; sourceTree = "<group>"; };
		8475D04025F11B77006DD192 /* ContentView.swift */ = {isa = PBXFileReference; lastKnownFileType = sourcecode.swift; path = ContentView.swift; sourceTree = "<group>"; };
		8475D04225F11B79006DD192 /* Assets.xcassets */ = {isa = PBXFileReference; lastKnownFileType = folder.assetcatalog; path = Assets.xcassets; sourceTree = "<group>"; };
		8475D04525F11B79006DD192 /* Preview Assets.xcassets */ = {isa = PBXFileReference; lastKnownFileType = folder.assetcatalog; path = "Preview Assets.xcassets"; sourceTree = "<group>"; };
		8475D04825F11B79006DD192 /* Base */ = {isa = PBXFileReference; lastKnownFileType = file.storyboard; name = Base; path = Base.lproj/LaunchScreen.storyboard; sourceTree = "<group>"; };
		8475D04A25F11B79006DD192 /* Info.plist */ = {isa = PBXFileReference; lastKnownFileType = text.plist.xml; path = Info.plist; sourceTree = "<group>"; };
/* End PBXFileReference section */

/* Begin PBXFrameworksBuildPhase section */
		8475D03625F11B77006DD192 /* Frameworks */ = {
			isa = PBXFrameworksBuildPhase;
			buildActionMask = 2147483647;
			files = (
			);
			runOnlyForDeploymentPostprocessing = 0;
		};
/* End PBXFrameworksBuildPhase section */

/* Begin PBXGroup section */
		8475D03025F11B77006DD192 = {
			isa = PBXGroup;
			children = (
				8475D03B25F11B77006DD192 /* Fashion News Today */,
				8475D03A25F11B77006DD192 /* Products */,
			);
			sourceTree = "<group>";
		};
		8475D03A25F11B77006DD192 /* Products */ = {
			isa = PBXGroup;
			children = (
				8475D03925F11B77006DD192 /* Fashion News Today.app */,
			);
			name = Products;
			sourceTree = "<group>";
		};
		8475D03B25F11B77006DD192 /* Fashion News Today */ = {
			isa = PBXGroup;
			children = (
				8475D03C25F11B77006DD192 /* AppDelegate.swift */,
				8475D03E25F11B77006DD192 /* SceneDelegate.swift */,
				8475D04025F11B77006DD192 /* ContentView.swift */,
				8475D04225F11B79006DD192 /* Assets.xcassets */,
				8475D04725F11B79006DD192 /* LaunchScreen.storyboard */,
				8475D04A25F11B79006DD192 /* Info.plist */,
				8475D04425F11B79006DD192 /* Preview Content */,
			);
			path = "Fashion News Today";
			sourceTree = "<group>";
		};
		8475D04425F11B79006DD192 /* Preview Content */ = {
			isa = PBXGroup;
			children = (
				8475D04525F11B79006DD192 /* Preview Assets.xcassets */,
			);
			path = "Preview Content";
			sourceTree = "<group>";
		};
/* End PBXGroup section */

/* Begin PBXNativeTarget section */
		8475D03825F11B77006DD192 /* Fashion News Today */ = {
			isa = PBXNativeTarget;
			buildConfigurationList = 8475D04D25F11B79006DD192 /* Build configuration list for PBXNativeTarget "Fashion News Today" */;
			buildPhases = (
				8475D03525F11B77006DD192 /* Sources */,
				8475D03625F11B77006DD192 /* Frameworks */,
				8475D03725F11B77006DD192 /* Resources */,
			);
			buildRules = (
			);
			dependencies = (
			);
			name = "Fashion News Today";
			productName = "Fashion News Today";
			productReference = 8475D03925F11B77006DD192 /* Fashion News Today.app */;
			productType = "com.apple.product-type.application";
		};
/* End PBXNativeTarget section */

/* Begin PBXProject section */
		8475D03125F11B77006DD192 /* Project object */ = {
			isa = PBXProject;
			attributes = {
				LastSwiftUpdateCheck = 1240;
				LastUpgradeCheck = 1240;
				TargetAttributes = {
					8475D03825F11B77006DD192 = {
						CreatedOnToolsVersion = 12.4;
					};
				};
			};
			buildConfigurationList = 8475D03425F11B77006DD192 /* Build configuration list for PBXProject "Fashion News Today" */;
			compatibilityVersion = "Xcode 9.3";
			developmentRegion = en;
			hasScannedForEncodings = 0;
			knownRegions = (
				en,
				Base,
			);
			mainGroup = 8475D03025F11B77006DD192;
			productRefGroup = 8475D03A25F11B77006DD192 /* Products */;
			projectDirPath = "";
			projectRoot = "";
			targets = (
				8475D03825F11B77006DD192 /* Fashion News Today */,
			);
		};
/* End PBXProject section */

/* Begin PBXResourcesBuildPhase section */
		8475D03725F11B77006DD192 /* Resources */ = {
			isa = PBXResourcesBuildPhase;
			buildActionMask = 2147483647;
			files = (
				8475D04925F11B79006DD192 /* LaunchScreen.storyboard in Resources */,
				8475D04625F11B79006DD192 /* Preview Assets.xcassets in Resources */,
				8475D04325F11B79006DD192 /* Assets.xcassets in Resources */,
			);
			runOnlyForDeploymentPostprocessing = 0;
		};
/* End PBXResourcesBuildPhase section */

/* Begin PBXSourcesBuildPhase section */
		8475D03525F11B77006DD192 /* Sources */ = {
			isa = PBXSourcesBuildPhase;
			buildActionMask = 2147483647;
			files = (
				8475D03D25F11B77006DD192 /* AppDelegate.swift in Sources */,
				8475D03F25F11B77006DD192 /* SceneDelegate.swift in Sources */,
				8475D04125F11B77006DD192 /* ContentView.swift in Sources */,
			);
			runOnlyForDeploymentPostprocessing = 0;
		};
/* End PBXSourcesBuildPhase section */

/* Begin PBXVariantGroup section */
		8475D04725F11B79006DD192 /* LaunchScreen.storyboard */ = {
			isa = PBXVariantGroup;
			children = (
				8475D04825F11B79006DD192 /* Base */,
			);
			name = LaunchScreen.storyboard;
			sourceTree = "<group>";
		};
/* End PBXVariantGroup section */

/* Begin XCBuildConfiguration section */
		8475D04B25F11B79006DD192 /* Debug */ = {
			isa = XCBuildConfiguration;
			buildSettings = {
				ALWAYS_SEARCH_USER_PATHS = NO;
				CLANG_ANALYZER_NONNULL = YES;
				CLANG_ANALYZER_NUMBER_OBJECT_CONVERSION = YES_AGGRESSIVE;
				CLANG_CXX_LANGUAGE_STANDARD = "gnu++14";
				CLANG_CXX_LIBRARY = "libc++";
				CLANG_ENABLE_MODULES = YES;
				CLANG_ENABLE_OBJC_ARC = YES;
				CLANG_ENABLE_OBJC_WEAK = YES;
				CLANG_WARN_BLOCK_CAPTURE_AUTORELEASING = YES;
				CLANG_WARN_BOOL_CONVERSION = YES;
				CLANG_WARN_COMMA = YES;
				CLANG_WARN_CONSTANT_CONVERSION = YES;
				CLANG_WARN_DEPRECATED_OBJC_IMPLEMENTATIONS = YES;
				CLANG_WARN_DIRECT_OBJC_ISA_USAGE = YES_ERROR;
				CLANG_WARN_DOCUMENTATION_COMMENTS = YES;
				CLANG_WARN_EMPTY_BODY = YES;
				CLANG_WARN_ENUM_CONVERSION = YES;
				CLANG_WARN_INFINITE_RECURSION = YES;
				CLANG_WARN_INT_CONVERSION = YES;
				CLANG_WARN_NON_LITERAL_NULL_CONVERSION = YES;
				CLANG_WARN_OBJC_IMPLICIT_RETAIN_SELF = YES;
				CLANG_WARN_OBJC_LITERAL_CONVERSION = YES;
				CLANG_WARN_OBJC_ROOT_CLASS = YES_ERROR;
				CLANG_WARN_QUOTED_INCLUDE_IN_FRAMEWORK_HEADER = YES;
				CLANG_WARN_RANGE_LOOP_ANALYSIS = YES;
				CLANG_WARN_STRICT_PROTOTYPES = YES;
				CLANG_WARN_SUSPICIOUS_MOVE = YES;
				CLANG_WARN_UNGUARDED_AVAILABILITY = YES_AGGRESSIVE;
				CLANG_WARN_UNREACHABLE_CODE = YES;
				CLANG_WARN__DUPLICATE_METHOD_MATCH = YES;
				COPY_PHASE_STRIP = NO;
				DEBUG_INFORMATION_FORMAT = dwarf;
				ENABLE_STRICT_OBJC_MSGSEND = YES;
				ENABLE_TESTABILITY = YES;
				GCC_C_LANGUAGE_STANDARD = gnu11;
				GCC_DYNAMIC_NO_PIC = NO;
				GCC_NO_COMMON_BLOCKS = YES;
				GCC_OPTIMIZATION_LEVEL = 0;
				GCC_PREPROCESSOR_DEFINITIONS = (
					"DEBUG=1",
					"$(inherited)",
				);
				GCC_WARN_64_TO_32_BIT_CONVERSION = YES;
				GCC_WARN_ABOUT_RETURN_TYPE = YES_ERROR;
				GCC_WARN_UNDECLARED_SELECTOR = YES;
				GCC_WARN_UNINITIALIZED_AUTOS = YES_AGGRESSIVE;
				GCC_WARN_UNUSED_FUNCTION = YES;
				GCC_WARN_UNUSED_VARIABLE = YES;
				IPHONEOS_DEPLOYMENT_TARGET = 14.4;
				MTL_ENABLE_DEBUG_INFO = INCLUDE_SOURCE;
				MTL_FAST_MATH = YES;
				ONLY_ACTIVE_ARCH = YES;
				SDKROOT = iphoneos;
				SWIFT_ACTIVE_COMPILATION_CONDITIONS = DEBUG;
				SWIFT_OPTIMIZATION_LEVEL = "-Onone";
			};
			name = Debug;
		};
		8475D04C25F11B79006DD192 /* Release */ = {
			isa = XCBuildConfiguration;
			buildSettings = {
				ALWAYS_SEARCH_USER_PATHS = NO;
				CLANG_ANALYZER_NONNULL = YES;
				CLANG_ANALYZER_NUMBER_OBJECT_CONVERSION = YES_AGGRESSIVE;
				CLANG_CXX_LANGUAGE_STANDARD = "gnu++14";
				CLANG_CXX_LIBRARY = "libc++";
				CLANG_ENABLE_MODULES = YES;
				CLANG_ENABLE_OBJC_ARC = YES;
				CLANG_ENABLE_OBJC_WEAK = YES;
				CLANG_WARN_BLOCK_CAPTURE_AUTORELEASING = YES;
				CLANG_WARN_BOOL_CONVERSION = YES;
				CLANG_WARN_COMMA = YES;
				CLANG_WARN_CONSTANT_CONVERSION = YES;
				CLANG_WARN_DEPRECATED_OBJC_IMPLEMENTATIONS = YES;
				CLANG_WARN_DIRECT_OBJC_ISA_USAGE = YES_ERROR;
				CLANG_WARN_DOCUMENTATION_COMMENTS = YES;
				CLANG_WARN_EMPTY_BODY = YES;
				CLANG_WARN_ENUM_CONVERSION = YES;
				CLANG_WARN_INFINITE_RECURSION = YES;
				CLANG_WARN_INT_CONVERSION = YES;
				CLANG_WARN_NON_LITERAL_NULL_CONVERSION = YES;
				CLANG_WARN_OBJC_IMPLICIT_RETAIN_SELF = YES;
				CLANG_WARN_OBJC_LITERAL_CONVERSION = YES;
				CLANG_WARN_OBJC_ROOT_CLASS = YES_ERROR;
				CLANG_WARN_QUOTED_INCLUDE_IN_FRAMEWORK_HEADER = YES;
				CLANG_WARN_RANGE_LOOP_ANALYSIS = YES;
				CLANG_WARN_STRICT_PROTOTYPES = YES;
				CLANG_WARN_SUSPICIOUS_MOVE = YES;
				CLANG_WARN_UNGUARDED_AVAILABILITY = YES_AGGRESSIVE;
				CLANG_WARN_UNREACHABLE_CODE = YES;
				CLANG_WARN__DUPLICATE_METHOD_MATCH = YES;
				COPY_PHASE_STRIP = NO;
				DEBUG_INFORMATION_FORMAT = "dwarf-with-dsym";
				ENABLE_NS_ASSERTIONS = NO;
				ENABLE_STRICT_OBJC_MSGSEND = YES;
				GCC_C_LANGUAGE_STANDARD = gnu11;
				GCC_NO_COMMON_BLOCKS = YES;
				GCC_WARN_64_TO_32_BIT_CONVERSION = YES;
				GCC_WARN_ABOUT_RETURN_TYPE = YES_ERROR;
				GCC_WARN_UNDECLARED_SELECTOR = YES;
				GCC_WARN_UNINITIALIZED_AUTOS = YES_AGGRESSIVE;
				GCC_WARN_UNUSED_FUNCTION = YES;
				GCC_WARN_UNUSED_VARIABLE = YES;
				IPHONEOS_DEPLOYMENT_TARGET = 14.4;
				MTL_ENABLE_DEBUG_INFO = NO;
				MTL_FAST_MATH = YES;
				SDKROOT = iphoneos;
				SWIFT_COMPILATION_MODE = wholemodule;
				SWIFT_OPTIMIZATION_LEVEL = "-O";
				VALIDATE_PRODUCT = YES;
			};
			name = Release;
		};
		8475D04E25F11B79006DD192 /* Debug */ = {
			isa = XCBuildConfiguration;
			buildSettings = {
				ASSETCATALOG_COMPILER_APPICON_NAME = AppIcon;
				ASSETCATALOG_COMPILER_GLOBAL_ACCENT_COLOR_NAME = AccentColor;
				CODE_SIGN_STYLE = Automatic;
				DEVELOPMENT_ASSET_PATHS = "\"Fashion News Today/Preview Content\"";
				DEVELOPMENT_TEAM = 73ACVQ25T5;
				ENABLE_PREVIEWS = YES;
				INFOPLIST_FILE = "Fashion News Today/Info.plist";
				LD_RUNPATH_SEARCH_PATHS = (
					"$(inherited)",
					"@executable_path/Frameworks",
				);
				PRODUCT_BUNDLE_IDENTIFIER = "com.thanathip-park.Fashion-News-Today";
				PRODUCT_NAME = "$(TARGET_NAME)";
				SWIFT_VERSION = 5.0;
				TARGETED_DEVICE_FAMILY = "1,2";
			};
			name = Debug;
		};
		8475D04F25F11B79006DD192 /* Release */ = {
			isa = XCBuildConfiguration;
			buildSettings = {
				ASSETCATALOG_COMPILER_APPICON_NAME = AppIcon;
				ASSETCATALOG_COMPILER_GLOBAL_ACCENT_COLOR_NAME = AccentColor;
				CODE_SIGN_STYLE = Automatic;
				DEVELOPMENT_ASSET_PATHS = "\"Fashion News Today/Preview Content\"";
				DEVELOPMENT_TEAM = 73ACVQ25T5;
				ENABLE_PREVIEWS = YES;
				INFOPLIST_FILE = "Fashion News Today/Info.plist";
				LD_RUNPATH_SEARCH_PATHS = (
					"$(inherited)",
					"@executable_path/Frameworks",
				);
				PRODUCT_BUNDLE_IDENTIFIER = "com.thanathip-park.Fashion-News-Today";
				PRODUCT_NAME = "$(TARGET_NAME)";
				SWIFT_VERSION = 5.0;
				TARGETED_DEVICE_FAMILY = "1,2";
			};
			name = Release;
		};
/* End XCBuildConfiguration section */

/* Begin XCConfigurationList section */
		8475D03425F11B77006DD192 /* Build configuration list for PBXProject "Fashion News Today" */ = {
			isa = XCConfigurationList;
			buildConfigurations = (
				8475D04B25F11B79006DD192 /* Debug */,
				8475D04C25F11B79006DD192 /* Release */,
			);
			defaultConfigurationIsVisible = 0;
			defaultConfigurationName = Release;
		};
		8475D04D25F11B79006DD192 /* Build configuration list for PBXNativeTarget "Fashion News Today" */ = {
			isa = XCConfigurationList;
			buildConfigurations = (
				8475D04E25F11B79006DD192 /* Debug */,
				8475D04F25F11B79006DD192 /* Release */,
			);
			defaultConfigurationIsVisible = 0;
			defaultConfigurationName = Release;
		};
/* End XCConfigurationList section */
	};
	rootObject = 8475D03125F11B77006DD192 /* Project object */;
}
