PODS:
  - UpstraUIKit (1.11.0)

DEPENDENCIES:
  - UpstraUIKit (~> 1.11.0)

SPEC REPOS:
  https://github.com/EkoCommunications/EkoMessagingSDKUIKit.git:
    - UpstraUIKit

SPEC CHECKSUMS:
  UpstraUIKit: 227551abfa66053dff177ef481cb9f0922d0c0f4

PODFILE CHECKSUM: 02c81b643dc1b07599db57e518d0c2951a8b932a

COCOAPODS: 1.10.1
